
Microsoft Visual Studio Solution File, Format Version 12.00
# Visual Studio Version 16
VisualStudioVersion = 16.0.31624.102
MinimumVisualStudioVersion = 10.0.40219.1
Project("{FAE04EC0-301F-11D3-BF4B-00C04F79EFBC}") = "APITest", "APITest\APITest.csproj", "{F8D5E4AA-2121-4AA1-BAD4-A5184B401638}"
EndProject
Global
	GlobalSection(SolutionConfigurationPlatforms) = preSolution
		Debug|Any CPU = Debug|Any CPU
		Release|Any CPU = Release|Any CPU
	EndGlobalSection
	GlobalSection(ProjectConfigurationPlatforms) = postSolution
		{F8D5E4AA-2121-4AA1-BAD4-A5184B401638}.Debug|Any CPU.ActiveCfg = Debug|Any CPU
		{F8D5E4AA-2121-4AA1-BAD4-A5184B401638}.Debug|Any CPU.Build.0 = Debug|Any CPU
		{F8D5E4AA-2121-4AA1-BAD4-A5184B401638}.Release|Any CPU.ActiveCfg = Release|Any CPU
		{F8D5E4AA-2121-4AA1-BAD4-A5184B401638}.Release|Any CPU.Build.0 = Release|Any CPU
	EndGlobalSection
	GlobalSection(SolutionProperties) = preSolution
		HideSolutionNode = FALSE
	EndGlobalSection
	GlobalSection(ExtensibilityGlobals) = postSolution
		SolutionGuid = {F5FEEB9C-886B-46E8-B4C7-F76B9E4D8979}
	EndGlobalSection
EndGlobal
